{
  "name": "@digitable-lol/flang",
  "version": "0.6.2",
  "lockfileVersion": 3,
  "requires": true,
  "packages": {
    "": {
      "name": "@digitable-lol/flang",
      "version": "0.6.2",
      "license": "BSD-2-Clause",
      "bin": {
        "flang": "packaging/flang-launch.mjs",
        "flang-lsp": "flang/bin/flang-lsp.mjs"
      },
      "engines": {
        "node": ">=20"
      }
    }
  }
}
